
Microsoft Visual Studio Solution File, Format Version 12.00
# Visual Studio Version 17
VisualStudioVersion = 17.14.36121.58
MinimumVisualStudioVersion = 10.0.40219.1
Project("{FAE04EC0-301F-11D3-BF4B-00C04F79EFBC}") = "FCG.Functions", "FCG.Functions\FCG.Functions.csproj", "{3EFFDBDC-2218-0B3C-2A45-B97ADDBD7853}"
EndProject
Project("{FAE04EC0-301F-11D3-BF4B-00C04F79EFBC}") = "FCG.Tests", "FCG.Tests\FCG.Tests.csproj", "{B3A43355-E63B-5E1B-7650-93089C9D3782}"
EndProject
Global
	GlobalSection(SolutionConfigurationPlatforms) = preSolution
		Debug|Any CPU = Debug|Any CPU
		Release|Any CPU = Release|Any CPU
	EndGlobalSection
	GlobalSection(ProjectConfigurationPlatforms) = postSolution
		{3EFFDBDC-2218-0B3C-2A45-B97ADDBD7853}.Debug|Any CPU.ActiveCfg = Debug|Any CPU
		{3EFFDBDC-2218-0B3C-2A45-B97ADDBD7853}.Debug|Any CPU.Build.0 = Debug|Any CPU
		{3EFFDBDC-2218-0B3C-2A45-B97ADDBD7853}.Release|Any CPU.ActiveCfg = Release|Any CPU
		{3EFFDBDC-2218-0B3C-2A45-B97ADDBD7853}.Release|Any CPU.Build.0 = Release|Any CPU
		{B3A43355-E63B-5E1B-7650-93089C9D3782}.Debug|Any CPU.ActiveCfg = Debug|Any CPU
		{B3A43355-E63B-5E1B-7650-93089C9D3782}.Debug|Any CPU.Build.0 = Debug|Any CPU
		{B3A43355-E63B-5E1B-7650-93089C9D3782}.Release|Any CPU.ActiveCfg = Release|Any CPU
		{B3A43355-E63B-5E1B-7650-93089C9D3782}.Release|Any CPU.Build.0 = Release|Any CPU
	EndGlobalSection
	GlobalSection(SolutionProperties) = preSolution
		HideSolutionNode = FALSE
	EndGlobalSection
	GlobalSection(ExtensibilityGlobals) = postSolution
		SolutionGuid = {AA316AEB-E150-4D56-9B16-A13590B0D79E}
	EndGlobalSection
EndGlobal
